
Microsoft Visual Studio Solution File, Format Version 12.00
# Visual Studio Version 16
VisualStudioVersion = 16.0.31624.102
MinimumVisualStudioVersion = 10.0.40219.1
Project("{FAE04EC0-301F-11D3-BF4B-00C04F79EFBC}") = "WarLib", "WarLib\WarLib.csproj", "{55FB9C05-B3AB-4B5E-BBD8-66F5884493F4}"
EndProject
Project("{FAE04EC0-301F-11D3-BF4B-00C04F79EFBC}") = "tryWarLib", "tryWarLib\tryWarLib.csproj", "{BED28648-208D-4C46-A62E-9182438A8757}"
EndProject
Global
	GlobalSection(SolutionConfigurationPlatforms) = preSolution
		Debug|Any CPU = Debug|Any CPU
		Release|Any CPU = Release|Any CPU
	EndGlobalSection
	GlobalSection(ProjectConfigurationPlatforms) = postSolution
		{55FB9C05-B3AB-4B5E-BBD8-66F5884493F4}.Debug|Any CPU.ActiveCfg = Debug|Any CPU
		{55FB9C05-B3AB-4B5E-BBD8-66F5884493F4}.Debug|Any CPU.Build.0 = Debug|Any CPU
		{55FB9C05-B3AB-4B5E-BBD8-66F5884493F4}.Release|Any CPU.ActiveCfg = Release|Any CPU
		{55FB9C05-B3AB-4B5E-BBD8-66F5884493F4}.Release|Any CPU.Build.0 = Release|Any CPU
		{BED28648-208D-4C46-A62E-9182438A8757}.Debug|Any CPU.ActiveCfg = Debug|Any CPU
		{BED28648-208D-4C46-A62E-9182438A8757}.Debug|Any CPU.Build.0 = Debug|Any CPU
		{BED28648-208D-4C46-A62E-9182438A8757}.Release|Any CPU.ActiveCfg = Release|Any CPU
		{BED28648-208D-4C46-A62E-9182438A8757}.Release|Any CPU.Build.0 = Release|Any CPU
	EndGlobalSection
	GlobalSection(SolutionProperties) = preSolution
		HideSolutionNode = FALSE
	EndGlobalSection
	GlobalSection(ExtensibilityGlobals) = postSolution
		SolutionGuid = {928C2835-053D-4544-AF81-165C567FD9C2}
	EndGlobalSection
EndGlobal
