
Microsoft Visual Studio Solution File, Format Version 12.00
# Visual Studio Version 16
VisualStudioVersion = 16.0.30204.135
MinimumVisualStudioVersion = 10.0.40219.1
Project("{FAE04EC0-301F-11D3-BF4B-00C04F79EFBC}") = "War_MapMaker", "War_MapMaker\War_MapMaker.csproj", "{2B1CFAEB-ED73-4447-995B-717AEF9AE96E}"
EndProject
Global
	GlobalSection(SolutionConfigurationPlatforms) = preSolution
		Debug|Any CPU = Debug|Any CPU
		Release|Any CPU = Release|Any CPU
	EndGlobalSection
	GlobalSection(ProjectConfigurationPlatforms) = postSolution
		{2B1CFAEB-ED73-4447-995B-717AEF9AE96E}.Debug|Any CPU.ActiveCfg = Debug|Any CPU
		{2B1CFAEB-ED73-4447-995B-717AEF9AE96E}.Debug|Any CPU.Build.0 = Debug|Any CPU
		{2B1CFAEB-ED73-4447-995B-717AEF9AE96E}.Release|Any CPU.ActiveCfg = Release|Any CPU
		{2B1CFAEB-ED73-4447-995B-717AEF9AE96E}.Release|Any CPU.Build.0 = Release|Any CPU
	EndGlobalSection
	GlobalSection(SolutionProperties) = preSolution
		HideSolutionNode = FALSE
	EndGlobalSection
	GlobalSection(ExtensibilityGlobals) = postSolution
		SolutionGuid = {2F42012C-EC33-43A5-9A28-A7FF5C7EE88D}
	EndGlobalSection
EndGlobal
